{
  "version": "5",
  "specifiers": {
    "jsr:@std/assert@1": "1.0.13",
    "jsr:@std/dotenv@*": "0.225.5",
    "jsr:@std/internal@^1.0.6": "1.0.10"
  },
  "jsr": {
    "@std/assert@1.0.13": {
      "integrity": "ae0d31e41919b12c656c742b22522c32fb26ed0cba32975cb0de2a273cb68b29",
      "dependencies": [
        "jsr:@std/internal"
      ]
    },
    "@std/dotenv@0.225.5": {
      "integrity": "9ce6f9d0ec3311f74a32535aa1b8c62ed88b1ab91b7f0815797d77a6f60c922f"
    },
    "@std/internal@1.0.10": {
      "integrity": "e3be62ce42cab0e177c27698e5d9800122f67b766a0bea6ca4867886cbde8cf7"
    }
  },
  "workspace": {
    "packageJson": {
      "dependencies": [
        "npm:@capacitor/android@^7.4.2",
        "npm:@capacitor/cli@^7.4.2",
        "npm:@capacitor/core@^7.4.2",
        "npm:@capacitor/ios@^7.4.2",
        "npm:@eslint/js@^9.9.1",
        "npm:@supabase/supabase-js@^2.51.0",
        "npm:@tanstack/eslint-plugin-query@^5.81.2",
        "npm:@tanstack/react-query@^5.83.0",
        "npm:@types/react-dom@^18.3.0",
        "npm:@types/react@^18.3.5",
        "npm:@vitejs/plugin-react@^4.3.1",
        "npm:autoprefixer@^10.4.18",
        "npm:eslint-plugin-react-hooks@^5.1.0-rc.0",
        "npm:eslint-plugin-react-refresh@~0.4.11",
        "npm:eslint@^9.9.1",
        "npm:globals@^15.9.0",
        "npm:lucide-react@0.344",
        "npm:postcss@^8.4.35",
        "npm:react-dom@^18.3.1",
        "npm:react-router-dom@^7.7.0",
        "npm:react@^18.3.1",
        "npm:tailwindcss@^3.4.1",
        "npm:typescript-eslint@^8.3.0",
        "npm:typescript@^5.5.3",
        "npm:vite@^5.4.2"
      ]
    }
  }
}
